// !$*UTF8*$!
{
	archiveVersion = 1;
	classes = {
	};
	objectVersion = 77;
	objects = {

/* Begin PBXContainerItemProxy section */
		AE721D542EE7AA8E00D5FC30 /* PBXContainerItemProxy */ = {
			isa = PBXContainerItemProxy;
			containerPortal = AE721D3E2EE7AA8C00D5FC30 /* Project object */;
			proxyType = 1;
			remoteGlobalIDString = AE721D452EE7AA8C00D5FC30;
			remoteInfo = FriendshipV2;
		};
		AE721D5E2EE7AA8E00D5FC30 /* PBXContainerItemProxy */ = {
			isa = PBXContainerItemProxy;
			containerPortal = AE721D3E2EE7AA8C00D5FC30 /* Project object */;
			proxyType = 1;
			remoteGlobalIDString = AE721D452EE7AA8C00D5FC30;
			remoteInfo = FriendshipV2;
		};
/* End PBXContainerItemProxy section */

/* Begin PBXFileReference section */
		AE721D462EE7AA8C00D5FC30 /* FriendshipV2.app */ = {isa = PBXFileReference; explicitFileType = wrapper.application; includeInIndex = 0; path = FriendshipV2.app; sourceTree = BUILT_PRODUCTS_DIR; };
		AE721D532EE7AA8E00D5FC30 /* FriendshipV2Tests.xctest */ = {isa = PBXFileReference; explicitFileType = wrapper.cfbundle; includeInIndex = 0; path = FriendshipV2Tests.xctest; sourceTree = BUILT_PRODUCTS_DIR; };
		AE721D5D2EE7AA8E00D5FC30 /* FriendshipV2UITests.xctest */ = {isa = PBXFileReference; explicitFileType = wrapper.cfbundle; includeInIndex = 0; path = FriendshipV2UITests.xctest; sourceTree = BUILT_PRODUCTS_DIR; };
/* End PBXFileReference section */

/* Begin PBXFileSystemSynchronizedRootGroup section */
		AE721D482EE7AA8C00D5FC30 /* FriendshipV2 */ = {
			isa = PBXFileSystemSynchronizedRootGroup;
			path = FriendshipV2;
			sourceTree = "<group>";
		};
		AE721D562EE7AA8E00D5FC30 /* FriendshipV2Tests */ = {
			isa = PBXFileSystemSynchronizedRootGroup;
			path = FriendshipV2Tests;
			sourceTree = "<group>";
		};
		AE721D602EE7AA8E00D5FC30 /* FriendshipV2UITests */ = {
			isa = PBXFileSystemSynchronizedRootGroup;
			path = FriendshipV2UITests;
			sourceTree = "<group>";
		};
/* End PBXFileSystemSynchronizedRootGroup section */

/* Begin PBXFrameworksBuildPhase section */
		AE721D432EE7AA8C00D5FC30 /* Frameworks */ = {
			isa = PBXFrameworksBuildPhase;
			buildActionMask = 2147483647;
			files = (
			);
			runOnlyForDeploymentPostprocessing = 0;
		};
		AE721D502EE7AA8E00D5FC30 /* Frameworks */ = {
			isa = PBXFrameworksBuildPhase;
			buildActionMask = 2147483647;
			files = (
			);
			runOnlyForDeploymentPostprocessing = 0;
		};
		AE721D5A2EE7AA8E00D5FC30 /* Frameworks */ = {
			isa = PBXFrameworksBuildPhase;
			buildActionMask = 2147483647;
			files = (
			);
			runOnlyForDeploymentPostprocessing = 0;
		};
/* End PBXFrameworksBuildPhase section */

/* Begin PBXGroup section */
		AE721D3D2EE7AA8C00D5FC30 = {
			isa = PBXGroup;
			children = (
				AE721D482EE7AA8C00D5FC30 /* FriendshipV2 */,
				AE721D562EE7AA8E00D5FC30 /* FriendshipV2Tests */,
				AE721D602EE7AA8E00D5FC30 /* FriendshipV2UITests */,
				AE721D472EE7AA8C00D5FC30 /* Products */,
			);
			sourceTree = "<group>";
		};
		AE721D472EE7AA8C00D5FC30 /* Products */ = {
			isa = PBXGroup;
			children = (
				AE721D462EE7AA8C00D5FC30 /* FriendshipV2.app */,
				AE721D532EE7AA8E00D5FC30 /* FriendshipV2Tests.xctest */,
				AE721D5D2EE7AA8E00D5FC30 /* FriendshipV2UITests.xctest */,
			);
			name = Products;
			sourceTree = "<group>";
		};
/* End PBXGroup section */

/* Begin PBXNativeTarget section */
		AE721D452EE7AA8C00D5FC30 /* FriendshipV2 */ = {
			isa = PBXNativeTarget;
			buildConfigurationList = AE721D672EE7AA8E00D5FC30 /* Build configuration list for PBXNativeTarget "FriendshipV2" */;
			buildPhases = (
				AE721D422EE7AA8C00D5FC30 /* Sources */,
				AE721D432EE7AA8C00D5FC30 /* Frameworks */,
				AE721D442EE7AA8C00D5FC30 /* Resources */,
			);
			buildRules = (
			);
			dependencies = (
			);
			fileSystemSynchronizedGroups = (
				AE721D482EE7AA8C00D5FC30 /* FriendshipV2 */,
			);
			name = FriendshipV2;
			packageProductDependencies = (
			);
			productName = FriendshipV2;
			productReference = AE721D462EE7AA8C00D5FC30 /* FriendshipV2.app */;
			productType = "com.apple.product-type.application";
		};
		AE721D522EE7AA8E00D5FC30 /* FriendshipV2Tests */ = {
			isa = PBXNativeTarget;
			buildConfigurationList = AE721D6A2EE7AA8E00D5FC30 /* Build configuration list for PBXNativeTarget "FriendshipV2Tests" */;
			buildPhases = (
				AE721D4F2EE7AA8E00D5FC30 /* Sources */,
				AE721D502EE7AA8E00D5FC30 /* Frameworks */,
				AE721D512EE7AA8E00D5FC30 /* Resources */,
			);
			buildRules = (
			);
			dependencies = (
				AE721D552EE7AA8E00D5FC30 /* PBXTargetDependency */,
			);
			fileSystemSynchronizedGroups = (
				AE721D562EE7AA8E00D5FC30 /* FriendshipV2Tests */,
			);
			name = FriendshipV2Tests;
			packageProductDependencies = (
			);
			productName = FriendshipV2Tests;
			productReference = AE721D532EE7AA8E00D5FC30 /* FriendshipV2Tests.xctest */;
			productType = "com.apple.product-type.bundle.unit-test";
		};
		AE721D5C2EE7AA8E00D5FC30 /* FriendshipV2UITests */ = {
			isa = PBXNativeTarget;
			buildConfigurationList = AE721D6D2EE7AA8E00D5FC30 /* Build configuration list for PBXNativeTarget "FriendshipV2UITests" */;
			buildPhases = (
				AE721D592EE7AA8E00D5FC30 /* Sources */,
				AE721D5A2EE7AA8E00D5FC30 /* Frameworks */,
				AE721D5B2EE7AA8E00D5FC30 /* Resources */,
			);
			buildRules = (
			);
			dependencies = (
				AE721D5F2EE7AA8E00D5FC30 /* PBXTargetDependency */,
			);
			fileSystemSynchronizedGroups = (
				AE721D602EE7AA8E00D5FC30 /* FriendshipV2UITests */,
			);
			name = FriendshipV2UITests;
			packageProductDependencies = (
			);
			productName = FriendshipV2UITests;
			productReference = AE721D5D2EE7AA8E00D5FC30 /* FriendshipV2UITests.xctest */;
			productType = "com.apple.product-type.bundle.ui-testing";
		};
/* End PBXNativeTarget section */

/* Begin PBXProject section */
		AE721D3E2EE7AA8C00D5FC30 /* Project object */ = {
			isa = PBXProject;
			attributes = {
				BuildIndependentTargetsInParallel = 1;
				LastSwiftUpdateCheck = 2610;
				LastUpgradeCheck = 2610;
				TargetAttributes = {
					AE721D452EE7AA8C00D5FC30 = {
						CreatedOnToolsVersion = 26.1.1;
					};
					AE721D522EE7AA8E00D5FC30 = {
						CreatedOnToolsVersion = 26.1.1;
						TestTargetID = AE721D452EE7AA8C00D5FC30;
					};
					AE721D5C2EE7AA8E00D5FC30 = {
						CreatedOnToolsVersion = 26.1.1;
						TestTargetID = AE721D452EE7AA8C00D5FC30;
					};
				};
			};
			buildConfigurationList = AE721D412EE7AA8C00D5FC30 /* Build configuration list for PBXProject "FriendshipV2" */;
			developmentRegion = en;
			hasScannedForEncodings = 0;
			knownRegions = (
				en,
				Base,
			);
			mainGroup = AE721D3D2EE7AA8C00D5FC30;
			minimizedProjectReferenceProxies = 1;
			preferredProjectObjectVersion = 77;
			productRefGroup = AE721D472EE7AA8C00D5FC30 /* Products */;
			projectDirPath = "";
			projectRoot = "";
			targets = (
				AE721D452EE7AA8C00D5FC30 /* FriendshipV2 */,
				AE721D522EE7AA8E00D5FC30 /* FriendshipV2Tests */,
				AE721D5C2EE7AA8E00D5FC30 /* FriendshipV2UITests */,
			);
		};
/* End PBXProject section */

/* Begin PBXResourcesBuildPhase section */
		AE721D442EE7AA8C00D5FC30 /* Resources */ = {
			isa = PBXResourcesBuildPhase;
			buildActionMask = 2147483647;
			files = (
			);
			runOnlyForDeploymentPostprocessing = 0;
		};
		AE721D512EE7AA8E00D5FC30 /* Resources */ = {
			isa = PBXResourcesBuildPhase;
			buildActionMask = 2147483647;
			files = (
			);
			runOnlyForDeploymentPostprocessing = 0;
		};
		AE721D5B2EE7AA8E00D5FC30 /* Resources */ = {
			isa = PBXResourcesBuildPhase;
			buildActionMask = 2147483647;
			files = (
			);
			runOnlyForDeploymentPostprocessing = 0;
		};
/* End PBXResourcesBuildPhase section */

/* Begin PBXSourcesBuildPhase section */
		AE721D422EE7AA8C00D5FC30 /* Sources */ = {
			isa = PBXSourcesBuildPhase;
			buildActionMask = 2147483647;
			files = (
			);
			runOnlyForDeploymentPostprocessing = 0;
		};
		AE721D4F2EE7AA8E00D5FC30 /* Sources */ = {
			isa = PBXSourcesBuildPhase;
			buildActionMask = 2147483647;
			files = (
			);
			runOnlyForDeploymentPostprocessing = 0;
		};
		AE721D592EE7AA8E00D5FC30 /* Sources */ = {
			isa = PBXSourcesBuildPhase;
			buildActionMask = 2147483647;
			files = (
			);
			runOnlyForDeploymentPostprocessing = 0;
		};
/* End PBXSourcesBuildPhase section */

/* Begin PBXTargetDependency section */
		AE721D552EE7AA8E00D5FC30 /* PBXTargetDependency */ = {
			isa = PBXTargetDependency;
			target = AE721D452EE7AA8C00D5FC30 /* FriendshipV2 */;
			targetProxy = AE721D542EE7AA8E00D5FC30 /* PBXContainerItemProxy */;
		};
		AE721D5F2EE7AA8E00D5FC30 /* PBXTargetDependency */ = {
			isa = PBXTargetDependency;
			target = AE721D452EE7AA8C00D5FC30 /* FriendshipV2 */;
			targetProxy = AE721D5E2EE7AA8E00D5FC30 /* PBXContainerItemProxy */;
		};
/* End PBXTargetDependency section */

/* Begin XCBuildConfiguration section */
		AE721D652EE7AA8E00D5FC30 /* Debug */ = {
			isa = XCBuildConfiguration;
			buildSettings = {
				ALWAYS_SEARCH_USER_PATHS = NO;
				ASSETCATALOG_COMPILER_GENERATE_SWIFT_ASSET_SYMBOL_EXTENSIONS = YES;
				CLANG_ANALYZER_NONNULL = YES;
				CLANG_ANALYZER_NUMBER_OBJECT_CONVERSION = YES_AGGRESSIVE;
				CLANG_CXX_LANGUAGE_STANDARD = "gnu++20";
				CLANG_ENABLE_MODULES = YES;
				CLANG_ENABLE_OBJC_ARC = YES;
				CLANG_ENABLE_OBJC_WEAK = YES;
				CLANG_WARN_BLOCK_CAPTURE_AUTORELEASING = YES;
				CLANG_WARN_BOOL_CONVERSION = YES;
				CLANG_WARN_COMMA = YES;
				CLANG_WARN_CONSTANT_CONVERSION = YES;
				CLANG_WARN_DEPRECATED_OBJC_IMPLEMENTATIONS = YES;
				CLANG_WARN_DIRECT_OBJC_ISA_USAGE = YES_ERROR;
				CLANG_WARN_DOCUMENTATION_COMMENTS = YES;
				CLANG_WARN_EMPTY_BODY = YES;
				CLANG_WARN_ENUM_CONVERSION = YES;
				CLANG_WARN_INFINITE_RECURSION = YES;
				CLANG_WARN_INT_CONVERSION = YES;
				CLANG_WARN_NON_LITERAL_NULL_CONVERSION = YES;
				CLANG_WARN_OBJC_IMPLICIT_RETAIN_SELF = YES;
				CLANG_WARN_OBJC_LITERAL_CONVERSION = YES;
				CLANG_WARN_OBJC_ROOT_CLASS = YES_ERROR;
				CLANG_WARN_QUOTED_INCLUDE_IN_FRAMEWORK_HEADER = YES;
				CLANG_WARN_RANGE_LOOP_ANALYSIS = YES;
				CLANG_WARN_STRICT_PROTOTYPES = YES;
				CLANG_WARN_SUSPICIOUS_MOVE = YES;
				CLANG_WARN_UNGUARDED_AVAILABILITY = YES_AGGRESSIVE;
				CLANG_WARN_UNREACHABLE_CODE = YES;
				CLANG_WARN__DUPLICATE_METHOD_MATCH = YES;
				COPY_PHASE_STRIP = NO;
				DEBUG_INFORMATION_FORMAT = dwarf;
				DEVELOPMENT_TEAM = 5TPDVDYM3M;
				ENABLE_STRICT_OBJC_MSGSEND = YES;
				ENABLE_TESTABILITY = YES;
				ENABLE_USER_SCRIPT_SANDBOXING = YES;
				GCC_C_LANGUAGE_STANDARD = gnu17;
				GCC_DYNAMIC_NO_PIC = NO;
				GCC_NO_COMMON_BLOCKS = YES;
				GCC_OPTIMIZATION_LEVEL = 0;
				GCC_PREPROCESSOR_DEFINITIONS = (
					"DEBUG=1",
					"$(inherited)",
				);
				GCC_WARN_64_TO_32_BIT_CONVERSION = YES;
				GCC_WARN_ABOUT_RETURN_TYPE = YES_ERROR;
				GCC_WARN_UNDECLARED_SELECTOR = YES;
				GCC_WARN_UNINITIALIZED_AUTOS = YES_AGGRESSIVE;
				GCC_WARN_UNUSED_FUNCTION = YES;
				GCC_WARN_UNUSED_VARIABLE = YES;
				IPHONEOS_DEPLOYMENT_TARGET = 26.1;
				LOCALIZATION_PREFERS_STRING_CATALOGS = YES;
				MTL_ENABLE_DEBUG_INFO = INCLUDE_SOURCE;
				MTL_FAST_MATH = YES;
				ONLY_ACTIVE_ARCH = YES;
				SDKROOT = iphoneos;
				SWIFT_ACTIVE_COMPILATION_CONDITIONS = "DEBUG $(inherited)";
				SWIFT_OPTIMIZATION_LEVEL = "-Onone";
			};
			name = Debug;
		};
		AE721D662EE7AA8E00D5FC30 /* Release */ = {
			isa = XCBuildConfiguration;
			buildSettings = {
				ALWAYS_SEARCH_USER_PATHS = NO;
				ASSETCATALOG_COMPILER_GENERATE_SWIFT_ASSET_SYMBOL_EXTENSIONS = YES;
				CLANG_ANALYZER_NONNULL = YES;
				CLANG_ANALYZER_NUMBER_OBJECT_CONVERSION = YES_AGGRESSIVE;
				CLANG_CXX_LANGUAGE_STANDARD = "gnu++20";
				CLANG_ENABLE_MODULES = YES;
				CLANG_ENABLE_OBJC_ARC = YES;
				CLANG_ENABLE_OBJC_WEAK = YES;
				CLANG_WARN_BLOCK_CAPTURE_AUTORELEASING = YES;
				CLANG_WARN_BOOL_CONVERSION = YES;
				CLANG_WARN_COMMA = YES;
				CLANG_WARN_CONSTANT_CONVERSION = YES;
				CLANG_WARN_DEPRECATED_OBJC_IMPLEMENTATIONS = YES;
				CLANG_WARN_DIRECT_OBJC_ISA_USAGE = YES_ERROR;
				CLANG_WARN_DOCUMENTATION_COMMENTS = YES;
				CLANG_WARN_EMPTY_BODY = YES;
				CLANG_WARN_ENUM_CONVERSION = YES;
				CLANG_WARN_INFINITE_RECURSION = YES;
				CLANG_WARN_INT_CONVERSION = YES;
				CLANG_WARN_NON_LITERAL_NULL_CONVERSION = YES;
				CLANG_WARN_OBJC_IMPLICIT_RETAIN_SELF = YES;
				CLANG_WARN_OBJC_LITERAL_CONVERSION = YES;
				CLANG_WARN_OBJC_ROOT_CLASS = YES_ERROR;
				CLANG_WARN_QUOTED_INCLUDE_IN_FRAMEWORK_HEADER = YES;
				CLANG_WARN_RANGE_LOOP_ANALYSIS = YES;
				CLANG_WARN_STRICT_PROTOTYPES = YES;
				CLANG_WARN_SUSPICIOUS_MOVE = YES;
				CLANG_WARN_UNGUARDED_AVAILABILITY = YES_AGGRESSIVE;
				CLANG_WARN_UNREACHABLE_CODE = YES;
				CLANG_WARN__DUPLICATE_METHOD_MATCH = YES;
				COPY_PHASE_STRIP = NO;
				DEBUG_INFORMATION_FORMAT = "dwarf-with-dsym";
				DEVELOPMENT_TEAM = 5TPDVDYM3M;
				ENABLE_NS_ASSERTIONS = NO;
				ENABLE_STRICT_OBJC_MSGSEND = YES;
				ENABLE_USER_SCRIPT_SANDBOXING = YES;
				GCC_C_LANGUAGE_STANDARD = gnu17;
				GCC_NO_COMMON_BLOCKS = YES;
				GCC_WARN_64_TO_32_BIT_CONVERSION = YES;
				GCC_WARN_ABOUT_RETURN_TYPE = YES_ERROR;
				GCC_WARN_UNDECLARED_SELECTOR = YES;
				GCC_WARN_UNINITIALIZED_AUTOS = YES_AGGRESSIVE;
				GCC_WARN_UNUSED_FUNCTION = YES;
				GCC_WARN_UNUSED_VARIABLE = YES;
				IPHONEOS_DEPLOYMENT_TARGET = 26.1;
				LOCALIZATION_PREFERS_STRING_CATALOGS = YES;
				MTL_ENABLE_DEBUG_INFO = NO;
				MTL_FAST_MATH = YES;
				SDKROOT = iphoneos;
				SWIFT_COMPILATION_MODE = wholemodule;
				VALIDATE_PRODUCT = YES;
			};
			name = Release;
		};
		AE721D682EE7AA8E00D5FC30 /* Debug */ = {
			isa = XCBuildConfiguration;
			buildSettings = {
				ASSETCATALOG_COMPILER_APPICON_NAME = AppIcon;
				ASSETCATALOG_COMPILER_GLOBAL_ACCENT_COLOR_NAME = AccentColor;
				CODE_SIGN_STYLE = Automatic;
				CURRENT_PROJECT_VERSION = 1;
				DEVELOPMENT_TEAM = 5TPDVDYM3M;
				ENABLE_PREVIEWS = YES;
				GENERATE_INFOPLIST_FILE = YES;
				INFOPLIST_KEY_UIApplicationSceneManifest_Generation = YES;
				INFOPLIST_KEY_UIApplicationSupportsIndirectInputEvents = YES;
				INFOPLIST_KEY_UILaunchScreen_Generation = YES;
				INFOPLIST_KEY_UISupportedInterfaceOrientations_iPad = "UIInterfaceOrientationPortrait UIInterfaceOrientationPortraitUpsideDown UIInterfaceOrientationLandscapeLeft UIInterfaceOrientationLandscapeRight";
				INFOPLIST_KEY_UISupportedInterfaceOrientations_iPhone = "UIInterfaceOrientationPortrait UIInterfaceOrientationLandscapeLeft UIInterfaceOrientationLandscapeRight";
				LD_RUNPATH_SEARCH_PATHS = (
					"$(inherited)",
					"@executable_path/Frameworks",
				);
				MARKETING_VERSION = 1.0;
				PRODUCT_BUNDLE_IDENTIFIER = com.Augmego.FriendshipV2;
				PRODUCT_NAME = "$(TARGET_NAME)";
				STRING_CATALOG_GENERATE_SYMBOLS = YES;
				SWIFT_APPROACHABLE_CONCURRENCY = YES;
				SWIFT_DEFAULT_ACTOR_ISOLATION = MainActor;
				SWIFT_EMIT_LOC_STRINGS = YES;
				SWIFT_UPCOMING_FEATURE_MEMBER_IMPORT_VISIBILITY = YES;
				SWIFT_VERSION = 5.0;
				TARGETED_DEVICE_FAMILY = "1,2";
			};
			name = Debug;
		};
		AE721D692EE7AA8E00D5FC30 /* Release */ = {
			isa = XCBuildConfiguration;
			buildSettings = {
				ASSETCATALOG_COMPILER_APPICON_NAME = AppIcon;
				ASSETCATALOG_COMPILER_GLOBAL_ACCENT_COLOR_NAME = AccentColor;
				CODE_SIGN_STYLE = Automatic;
				CURRENT_PROJECT_VERSION = 1;
				DEVELOPMENT_TEAM = 5TPDVDYM3M;
				ENABLE_PREVIEWS = YES;
				GENERATE_INFOPLIST_FILE = YES;
				INFOPLIST_KEY_UIApplicationSceneManifest_Generation = YES;
				INFOPLIST_KEY_UIApplicationSupportsIndirectInputEvents = YES;
				INFOPLIST_KEY_UILaunchScreen_Generation = YES;
				INFOPLIST_KEY_UISupportedInterfaceOrientations_iPad = "UIInterfaceOrientationPortrait UIInterfaceOrientationPortraitUpsideDown UIInterfaceOrientationLandscapeLeft UIInterfaceOrientationLandscapeRight";
				INFOPLIST_KEY_UISupportedInterfaceOrientations_iPhone = "UIInterfaceOrientationPortrait UIInterfaceOrientationLandscapeLeft UIInterfaceOrientationLandscapeRight";
				LD_RUNPATH_SEARCH_PATHS = (
					"$(inherited)",
					"@executable_path/Frameworks",
				);
				MARKETING_VERSION = 1.0;
				PRODUCT_BUNDLE_IDENTIFIER = com.Augmego.FriendshipV2;
				PRODUCT_NAME = "$(TARGET_NAME)";
				STRING_CATALOG_GENERATE_SYMBOLS = YES;
				SWIFT_APPROACHABLE_CONCURRENCY = YES;
				SWIFT_DEFAULT_ACTOR_ISOLATION = MainActor;
				SWIFT_EMIT_LOC_STRINGS = YES;
				SWIFT_UPCOMING_FEATURE_MEMBER_IMPORT_VISIBILITY = YES;
				SWIFT_VERSION = 5.0;
				TARGETED_DEVICE_FAMILY = "1,2";
			};
			name = Release;
		};
		AE721D6B2EE7AA8E00D5FC30 /* Debug */ = {
			isa = XCBuildConfiguration;
			buildSettings = {
				BUNDLE_LOADER = "$(TEST_HOST)";
				CODE_SIGN_STYLE = Automatic;
				CURRENT_PROJECT_VERSION = 1;
				DEVELOPMENT_TEAM = 5TPDVDYM3M;
				GENERATE_INFOPLIST_FILE = YES;
				IPHONEOS_DEPLOYMENT_TARGET = 26.1;
				MARKETING_VERSION = 1.0;
				PRODUCT_BUNDLE_IDENTIFIER = com.Augmego.FriendshipV2Tests;
				PRODUCT_NAME = "$(TARGET_NAME)";
				STRING_CATALOG_GENERATE_SYMBOLS = NO;
				SWIFT_APPROACHABLE_CONCURRENCY = YES;
				SWIFT_EMIT_LOC_STRINGS = NO;
				SWIFT_UPCOMING_FEATURE_MEMBER_IMPORT_VISIBILITY = YES;
				SWIFT_VERSION = 5.0;
				TARGETED_DEVICE_FAMILY = "1,2";
				TEST_HOST = "$(BUILT_PRODUCTS_DIR)/FriendshipV2.app/$(BUNDLE_EXECUTABLE_FOLDER_PATH)/FriendshipV2";
			};
			name = Debug;
		};
		AE721D6C2EE7AA8E00D5FC30 /* Release */ = {
			isa = XCBuildConfiguration;
			buildSettings = {
				BUNDLE_LOADER = "$(TEST_HOST)";
				CODE_SIGN_STYLE = Automatic;
				CURRENT_PROJECT_VERSION = 1;
				DEVELOPMENT_TEAM = 5TPDVDYM3M;
				GENERATE_INFOPLIST_FILE = YES;
				IPHONEOS_DEPLOYMENT_TARGET = 26.1;
				MARKETING_VERSION = 1.0;
				PRODUCT_BUNDLE_IDENTIFIER = com.Augmego.FriendshipV2Tests;
				PRODUCT_NAME = "$(TARGET_NAME)";
				STRING_CATALOG_GENERATE_SYMBOLS = NO;
				SWIFT_APPROACHABLE_CONCURRENCY = YES;
				SWIFT_EMIT_LOC_STRINGS = NO;
				SWIFT_UPCOMING_FEATURE_MEMBER_IMPORT_VISIBILITY = YES;
				SWIFT_VERSION = 5.0;
				TARGETED_DEVICE_FAMILY = "1,2";
				TEST_HOST = "$(BUILT_PRODUCTS_DIR)/FriendshipV2.app/$(BUNDLE_EXECUTABLE_FOLDER_PATH)/FriendshipV2";
			};
			name = Release;
		};
		AE721D6E2EE7AA8E00D5FC30 /* Debug */ = {
			isa = XCBuildConfiguration;
			buildSettings = {
				CODE_SIGN_STYLE = Automatic;
				CURRENT_PROJECT_VERSION = 1;
				DEVELOPMENT_TEAM = 5TPDVDYM3M;
				GENERATE_INFOPLIST_FILE = YES;
				MARKETING_VERSION = 1.0;
				PRODUCT_BUNDLE_IDENTIFIER = com.Augmego.FriendshipV2UITests;
				PRODUCT_NAME = "$(TARGET_NAME)";
				STRING_CATALOG_GENERATE_SYMBOLS = NO;
				SWIFT_APPROACHABLE_CONCURRENCY = YES;
				SWIFT_EMIT_LOC_STRINGS = NO;
				SWIFT_UPCOMING_FEATURE_MEMBER_IMPORT_VISIBILITY = YES;
				SWIFT_VERSION = 5.0;
				TARGETED_DEVICE_FAMILY = "1,2";
				TEST_TARGET_NAME = FriendshipV2;
			};
			name = Debug;
		};
		AE721D6F2EE7AA8E00D5FC30 /* Release */ = {
			isa = XCBuildConfiguration;
			buildSettings = {
				CODE_SIGN_STYLE = Automatic;
				CURRENT_PROJECT_VERSION = 1;
				DEVELOPMENT_TEAM = 5TPDVDYM3M;
				GENERATE_INFOPLIST_FILE = YES;
				MARKETING_VERSION = 1.0;
				PRODUCT_BUNDLE_IDENTIFIER = com.Augmego.FriendshipV2UITests;
				PRODUCT_NAME = "$(TARGET_NAME)";
				STRING_CATALOG_GENERATE_SYMBOLS = NO;
				SWIFT_APPROACHABLE_CONCURRENCY = YES;
				SWIFT_EMIT_LOC_STRINGS = NO;
				SWIFT_UPCOMING_FEATURE_MEMBER_IMPORT_VISIBILITY = YES;
				SWIFT_VERSION = 5.0;
				TARGETED_DEVICE_FAMILY = "1,2";
				TEST_TARGET_NAME = FriendshipV2;
			};
			name = Release;
		};
/* End XCBuildConfiguration section */

/* Begin XCConfigurationList section */
		AE721D412EE7AA8C00D5FC30 /* Build configuration list for PBXProject "FriendshipV2" */ = {
			isa = XCConfigurationList;
			buildConfigurations = (
				AE721D652EE7AA8E00D5FC30 /* Debug */,
				AE721D662EE7AA8E00D5FC30 /* Release */,
			);
			defaultConfigurationIsVisible = 0;
			defaultConfigurationName = Release;
		};
		AE721D672EE7AA8E00D5FC30 /* Build configuration list for PBXNativeTarget "FriendshipV2" */ = {
			isa = XCConfigurationList;
			buildConfigurations = (
				AE721D682EE7AA8E00D5FC30 /* Debug */,
				AE721D692EE7AA8E00D5FC30 /* Release */,
			);
			defaultConfigurationIsVisible = 0;
			defaultConfigurationName = Release;
		};
		AE721D6A2EE7AA8E00D5FC30 /* Build configuration list for PBXNativeTarget "FriendshipV2Tests" */ = {
			isa = XCConfigurationList;
			buildConfigurations = (
				AE721D6B2EE7AA8E00D5FC30 /* Debug */,
				AE721D6C2EE7AA8E00D5FC30 /* Release */,
			);
			defaultConfigurationIsVisible = 0;
			defaultConfigurationName = Release;
		};
		AE721D6D2EE7AA8E00D5FC30 /* Build configuration list for PBXNativeTarget "FriendshipV2UITests" */ = {
			isa = XCConfigurationList;
			buildConfigurations = (
				AE721D6E2EE7AA8E00D5FC30 /* Debug */,
				AE721D6F2EE7AA8E00D5FC30 /* Release */,
			);
			defaultConfigurationIsVisible = 0;
			defaultConfigurationName = Release;
		};
/* End XCConfigurationList section */
	};
	rootObject = AE721D3E2EE7AA8C00D5FC30 /* Project object */;
}
